
Microsoft Visual Studio Solution File, Format Version 12.00
# Visual Studio Version 17
VisualStudioVersion = 17.9.34723.18
MinimumVisualStudioVersion = 10.0.40219.1
Project("{9A19103F-16F7-4668-BE54-9A1E7A4F7556}") = "eBeautySalon", "eBeautySalon\eBeautySalon.csproj", "{824D962F-DC7E-4C03-BD4B-D159413D31A6}"
EndProject
Project("{9A19103F-16F7-4668-BE54-9A1E7A4F7556}") = "eBeautySalon.Models", "eBeautySalon.Models\eBeautySalon.Models.csproj", "{82B92424-8B6F-4930-BA14-BB25419D6B8C}"
EndProject
Project("{9A19103F-16F7-4668-BE54-9A1E7A4F7556}") = "eBeautySalon.Services", "eBeautySalon.Services\eBeautySalon.Services.csproj", "{15A2BD68-C388-49F4-B9AA-AC5FB1691D77}"
EndProject
Project("{9A19103F-16F7-4668-BE54-9A1E7A4F7556}") = "eBeautySalon.Subscriber", "eBeautySalon.Subscriber\eBeautySalon.Subscriber.csproj", "{79FA01B0-6D37-46AA-9BAF-E36AE82D0750}"
EndProject
Project("{2150E333-8FDC-42A3-9474-1A3956D46DE8}") = "Solution Items", "Solution Items", "{8ECC4DA5-9B76-4F70-A2E2-AF2E0FB9BA35}"
	ProjectSection(SolutionItems) = preProject
		docker-compose.yml = docker-compose.yml
		Dockerfile = Dockerfile
		eBeautySalon.SubscriberDockerfile = eBeautySalon.SubscriberDockerfile
	EndProjectSection
EndProject
Global
	GlobalSection(SolutionConfigurationPlatforms) = preSolution
		Debug|Any CPU = Debug|Any CPU
		Release|Any CPU = Release|Any CPU
	EndGlobalSection
	GlobalSection(ProjectConfigurationPlatforms) = postSolution
		{824D962F-DC7E-4C03-BD4B-D159413D31A6}.Debug|Any CPU.ActiveCfg = Debug|Any CPU
		{824D962F-DC7E-4C03-BD4B-D159413D31A6}.Debug|Any CPU.Build.0 = Debug|Any CPU
		{824D962F-DC7E-4C03-BD4B-D159413D31A6}.Release|Any CPU.ActiveCfg = Release|Any CPU
		{824D962F-DC7E-4C03-BD4B-D159413D31A6}.Release|Any CPU.Build.0 = Release|Any CPU
		{82B92424-8B6F-4930-BA14-BB25419D6B8C}.Debug|Any CPU.ActiveCfg = Debug|Any CPU
		{82B92424-8B6F-4930-BA14-BB25419D6B8C}.Debug|Any CPU.Build.0 = Debug|Any CPU
		{82B92424-8B6F-4930-BA14-BB25419D6B8C}.Release|Any CPU.ActiveCfg = Release|Any CPU
		{82B92424-8B6F-4930-BA14-BB25419D6B8C}.Release|Any CPU.Build.0 = Release|Any CPU
		{15A2BD68-C388-49F4-B9AA-AC5FB1691D77}.Debug|Any CPU.ActiveCfg = Debug|Any CPU
		{15A2BD68-C388-49F4-B9AA-AC5FB1691D77}.Debug|Any CPU.Build.0 = Debug|Any CPU
		{15A2BD68-C388-49F4-B9AA-AC5FB1691D77}.Release|Any CPU.ActiveCfg = Release|Any CPU
		{15A2BD68-C388-49F4-B9AA-AC5FB1691D77}.Release|Any CPU.Build.0 = Release|Any CPU
		{79FA01B0-6D37-46AA-9BAF-E36AE82D0750}.Debug|Any CPU.ActiveCfg = Debug|Any CPU
		{79FA01B0-6D37-46AA-9BAF-E36AE82D0750}.Debug|Any CPU.Build.0 = Debug|Any CPU
		{79FA01B0-6D37-46AA-9BAF-E36AE82D0750}.Release|Any CPU.ActiveCfg = Release|Any CPU
		{79FA01B0-6D37-46AA-9BAF-E36AE82D0750}.Release|Any CPU.Build.0 = Release|Any CPU
	EndGlobalSection
	GlobalSection(SolutionProperties) = preSolution
		HideSolutionNode = FALSE
	EndGlobalSection
	GlobalSection(ExtensibilityGlobals) = postSolution
		SolutionGuid = {9EA537AF-E472-4BDA-83B0-137D3659A860}
	EndGlobalSection
EndGlobal
